
Microsoft Visual Studio Solution File, Format Version 12.00
# Visual Studio Version 17
VisualStudioVersion = 17.8.34330.188
MinimumVisualStudioVersion = 10.0.40219.1
Project("{FAE04EC0-301F-11D3-BF4B-00C04F79EFBC}") = "Questionario", "Questionario\Questionario.csproj", "{EC796874-4511-468B-8BE6-544872A11B94}"
EndProject
Global
	GlobalSection(SolutionConfigurationPlatforms) = preSolution
		Debug|Any CPU = Debug|Any CPU
		Release|Any CPU = Release|Any CPU
	EndGlobalSection
	GlobalSection(ProjectConfigurationPlatforms) = postSolution
		{EC796874-4511-468B-8BE6-544872A11B94}.Debug|Any CPU.ActiveCfg = Debug|Any CPU
		{EC796874-4511-468B-8BE6-544872A11B94}.Debug|Any CPU.Build.0 = Debug|Any CPU
		{EC796874-4511-468B-8BE6-544872A11B94}.Release|Any CPU.ActiveCfg = Release|Any CPU
		{EC796874-4511-468B-8BE6-544872A11B94}.Release|Any CPU.Build.0 = Release|Any CPU
	EndGlobalSection
	GlobalSection(SolutionProperties) = preSolution
		HideSolutionNode = FALSE
	EndGlobalSection
	GlobalSection(ExtensibilityGlobals) = postSolution
		SolutionGuid = {9B5814DF-C26F-4A58-A1F8-C8EDE61C3318}
	EndGlobalSection
EndGlobal
